version = 1
revision = 3
requires-python = "==3.12.*"

[[package]]
name = "mesh-runtime"
version = "0.1.0"
source = { virtual = "." }
dependencies = [
    { name = "mlx" },
    { name = "numpy" },
]

[package.metadata]
requires-dist = [
    { name = "mlx", specifier = "==0.32.2" },
    { name = "numpy", specifier = "==2.5.2" },
]

[[package]]
name = "mlx"
version = "0.32.2"
source = { registry = "https://pypi.org/simple" }
dependencies = [
    { name = "mlx-metal", marker = "sys_platform == 'darwin'" },
]
wheels = [
    { url = "https://files.pythonhosted.org/packages/38/f7/5664e13821491559c953494e6705c818203d6880d713a0c22e12bead9564/mlx-0.32.2-cp312-cp312-macosx_14_0_arm64.whl", hash = "sha256:77217798a2b036bae9f213b851d4cde4581893787c9964458b7d471f86036bd6", size = 619370, upload-time = "2026-08-25T10:31:44.235Z" },
    { url = "https://files.pythonhosted.org/packages/bc/be/c821eed5b7c13b42c114aec54c757545d6eeecce25d3212ea7d18dd79cfd/mlx-0.32.2-cp312-cp312-macosx_15_0_arm64.whl", hash = "sha256:cf63fd5c32258ab07523b06401c20ee2280bf56e26e991d05bf6fd8a4d42d1f6", size = 619376, upload-time = "2026-08-25T10:31:45.647Z" },
    { url = "https://files.pythonhosted.org/packages/0b/eb/af6b1a8b45f24d22e4735c52e0696c66233bd477e1b9e9dbbef225bdf88b/mlx-0.32.2-cp312-cp312-macosx_26_0_arm64.whl", hash = "sha256:68560fd648c5bb900aa6f6765cd74c5a8abaf092d97d73584a57b7545966c227", size = 619488, upload-time = "2026-08-25T10:31:47.485Z" },
    { url = "https://files.pythonhosted.org/packages/42/9c/1acf68f9d27d24bf1abeb0b2cff93155e93af81af2f3f08206f8a32bbf86/mlx-0.32.2-cp312-cp312-manylinux_2_35_aarch64.whl", hash = "sha256:48e8738b078eeb7bfde74931fc02d8aa9c32f05d3c0dbf97b5c3cbe0470fbddf", size = 680208, upload-time = "2026-08-25T10:31:48.93Z" },
    { url = "https://files.pythonhosted.org/packages/e2/3b/d8cf1d13dd2d434095818cc6d28211e00b891a4a58a07b5ad5f0529a8162/mlx-0.32.2-cp312-cp312-manylinux_2_35_x86_64.whl", hash = "sha256:8d270ade1e48e006383a6b5f33a3a4ec5c265389299a60a60bf55165af1770d9", size = 743277, upload-time = "2026-08-25T10:31:50.351Z" },
    { url = "https://files.pythonhosted.org/packages/11/3b/f191c8f7ed84d50370fa8e4d390ed747dddd148c03756c8b7d4f7feb9084/mlx-0.32.2-cp312-cp312-win_amd64.whl", hash = "sha256:6c615ad1c6877d7d38affe8526446955cd48d6796e871150f59145cf0d1a265d", size = 620981, upload-time = "2026-08-25T10:31:51.749Z" },
    { url = "https://files.pythonhosted.org/packages/6d/54/4b8b690a5322a92271214e49480d083f253ab48c81825ade92473828846f/mlx-0.32.2-cp312-cp312-win_arm64.whl", hash = "sha256:65beb9ce75153072808ef18913ecca3d929b87be5d7c1f57d9df391c04b6f957", size = 607910, upload-time = "2026-08-25T10:31:53.269Z" },
]

[[package]]
name = "mlx-metal"
version = "0.32.2"
source = { registry = "https://pypi.org/simple" }
wheels = [
    { url = "https://files.pythonhosted.org/packages/f7/ab/ba1952908c5d2a5070cf1cfbfea0161c4751ea62299e2776819810917483/mlx_metal-0.32.2-py3-none-macosx_14_0_arm64.whl", hash = "sha256:3825fff379dbc107dd3413e564a06caeaa24819910ec49c0439e454c06a1b9b8", size = 42516623, upload-time = "2026-08-25T10:31:18.396Z" },
    { url = "https://files.pythonhosted.org/packages/79/ec/34f37376e26d537fadffb99af3a760d6545e37f5e1a30a552baadf237fc5/mlx_metal-0.32.2-py3-none-macosx_15_0_arm64.whl", hash = "sha256:55a369250d220b2cf10213a87a2ac1b1a420608c5b35b1df4e7147ac8e32f121", size = 42512323, upload-time = "2026-08-25T10:31:22.673Z" },
    { url = "https://files.pythonhosted.org/packages/dd/cd/4e50bf325100e7165e13d025f264362bf0009196269f9eaf87f2c6e738a2/mlx_metal-0.32.2-py3-none-macosx_26_0_arm64.whl", hash = "sha256:e6abeac9ac5265830c9c1541b6f96e9be37a85c2446763a46ad466c63a3837ab", size = 64367860, upload-time = "2026-08-25T10:31:28.056Z" },
]

[[package]]
name = "numpy"
version = "2.5.2"
source = { registry = "https://pypi.org/simple" }
sdist = { url = "https://files.pythonhosted.org/packages/9a/80/db0b4559e57ec36362bedbb05530a87fafbcb6067708c946967a41d449e7/numpy-2.5.2.tar.gz", hash = "sha256:d482d171c406ae88c5b19cad3b6a1c4c5209f886ab74bc44c2c865c23f52d860", size = 20773161, upload-time = "2026-08-09T13:48:27.962Z" }
wheels = [
    { url = "https://files.pythonhosted.org/packages/69/72/dccb0aaf40972777283303919f613964227266d0c13adebb79ac124f1c3e/numpy-2.5.2-cp312-cp312-macosx_10_13_x86_64.whl", hash = "sha256:14e373cfc6387177e8409dac3c7159be8eb05cd77096cd7c950268b86f62831c", size = 16891693, upload-time = "2026-08-09T13:44:51.702Z" },
    { url = "https://files.pythonhosted.org/packages/60/2e/b5aee50a1f74ac815cf8331812cb8251e29024025de462e0c047641c614c/numpy-2.5.2-cp312-cp312-macosx_11_0_arm64.whl", hash = "sha256:4bbd96c833ecc8cc069ce518078fc8c60cb9cbfb0fea5b7a803ad65035596d03", size = 11903109, upload-time = "2026-08-09T13:44:55.501Z" },
    { url = "https://files.pythonhosted.org/packages/f3/f4/29e78102a80601cf034d4e9767022cffeca2c3b4c926e1754572ca95593d/numpy-2.5.2-cp312-cp312-macosx_14_0_arm64.whl", hash = "sha256:6e8172ddfcf5cf74b811d372b570b83c60bd2de87a6fbfbebdadb4a9bd9c6cbb", size = 5350202, upload-time = "2026-08-09T13:44:58.401Z" },
    { url = "https://files.pythonhosted.org/packages/11/4b/dcd3b7eadaf4035d2c7a4289d232523a6964f602598ef7674e4bd7291f93/numpy-2.5.2-cp312-cp312-macosx_14_0_x86_64.whl", hash = "sha256:65f188481f1669e26f62b701e8205d19e460fa4a9b52a1414ba382330e4a3414", size = 6687736, upload-time = "2026-08-09T13:45:00.813Z" },
    { url = "https://files.pythonhosted.org/packages/e5/21/4947e0e9d6c9fc2e2ff15b8949049ee44f63adb9cacc729ab8793f97e712/numpy-2.5.2-cp312-cp312-manylinux_2_27_aarch64.manylinux_2_28_aarch64.whl", hash = "sha256:8ee9c4eeb8454b3660a8b53493563c3e121c2fc94fbd72b848ef814ed7b676a9", size = 15612696, upload-time = "2026-08-09T13:45:04.151Z" },
    { url = "https://files.pythonhosted.org/packages/3a/5f/62d28cf019460c7f1394105b4d49d9911a9c444cb77ab0bd95a204c5a6de/numpy-2.5.2-cp312-cp312-manylinux_2_27_x86_64.manylinux_2_28_x86_64.whl", hash = "sha256:3cdec01fa790a186d430433fdd4d4ffb70eed6f0eeb4bf05c8dbe2dce0a9bcb8", size = 16722264, upload-time = "2026-08-09T13:45:07.714Z" },
    { url = "https://files.pythonhosted.org/packages/14/25/3f0be4c1b9fdf5dd5e708a6806978564d7c46a055c000496309ff2a2f8af/numpy-2.5.2-cp312-cp312-musllinux_1_2_aarch64.whl", hash = "sha256:7999d4ddb0c4025018373fd787510d46e04c769467af22869707b3c1cfd459ab", size = 16974396, upload-time = "2026-08-09T13:45:11.316Z" },
    { url = "https://files.pythonhosted.org/packages/22/72/6262cbdeeb45da9d971e40715f579d791603ba8ec0b5e2db1ac55454421d/numpy-2.5.2-cp312-cp312-musllinux_1_2_x86_64.whl", hash = "sha256:c1f017dc0875c9209d219f97feceb7d54c2661bb243deb4114478e1295808af7", size = 18476044, upload-time = "2026-08-09T13:45:14.869Z" },
    { url = "https://files.pythonhosted.org/packages/36/33/29208b8b075bde62d26a81d14b358c42b0f69b6cabd98d4ff97f37f22b05/numpy-2.5.2-cp312-cp312-win32.whl", hash = "sha256:d6a48072864e3324e194a8fbb3c657bcc5b5c869dbc64c9537b1d5c862572c0a", size = 6072817, upload-time = "2026-08-09T13:45:17.867Z" },
    { url = "https://files.pythonhosted.org/packages/7f/b9/87fea2769fe1c47c1b5b01d8310772c9d1a85d485de7cf386ef7a3332b02/numpy-2.5.2-cp312-cp312-win_amd64.whl", hash = "sha256:28ac63476ec7651484215ee7fa15a1f78b57c14621f01e392afe17b9a1390ce4", size = 12464674, upload-time = "2026-08-09T13:45:20.734Z" },
    { url = "https://files.pythonhosted.org/packages/14/52/032b97e00461ab0809bbe4c588b035620e5a14b8cdee47ecddefc7b17d33/numpy-2.5.2-cp312-cp312-win_arm64.whl", hash = "sha256:27650bb0e7140fa3d37b9923b4803645e0b125d190f326eecfd3f4dad8e8ade1", size = 10397131, upload-time = "2026-08-09T13:45:23.73Z" },
]
